
Microsoft Visual Studio Solution File, Format Version 12.00
# Visual Studio 15
VisualStudioVersion = 15.0.26730.16
MinimumVisualStudioVersion = 10.0.40219.1
Project("{FAE04EC0-301F-11D3-BF4B-00C04F79EFBC}") = "Core", "Core\Core.csproj", "{324670E0-159E-444C-92C6-42A03899DEED}"
EndProject
Project("{FAE04EC0-301F-11D3-BF4B-00C04F79EFBC}") = "Web", "Web\Web.csproj", "{65D204CA-E748-4AF3-9012-E67DC79121BB}"
EndProject
Project("{FAE04EC0-301F-11D3-BF4B-00C04F79EFBC}") = "Web.Tests", "Web.Tests\Web.Tests.csproj", "{F647B68B-BCD0-46EC-9FBB-82235E6F1B03}"
EndProject
Global
	GlobalSection(SolutionConfigurationPlatforms) = preSolution
		Debug|Any CPU = Debug|Any CPU
		Release|Any CPU = Release|Any CPU
	EndGlobalSection
	GlobalSection(ProjectConfigurationPlatforms) = postSolution
		{324670E0-159E-444C-92C6-42A03899DEED}.Debug|Any CPU.ActiveCfg = Debug|Any CPU
		{324670E0-159E-444C-92C6-42A03899DEED}.Debug|Any CPU.Build.0 = Debug|Any CPU
		{324670E0-159E-444C-92C6-42A03899DEED}.Release|Any CPU.ActiveCfg = Release|Any CPU
		{324670E0-159E-444C-92C6-42A03899DEED}.Release|Any CPU.Build.0 = Release|Any CPU
		{65D204CA-E748-4AF3-9012-E67DC79121BB}.Debug|Any CPU.ActiveCfg = Debug|Any CPU
		{65D204CA-E748-4AF3-9012-E67DC79121BB}.Debug|Any CPU.Build.0 = Debug|Any CPU
		{65D204CA-E748-4AF3-9012-E67DC79121BB}.Release|Any CPU.ActiveCfg = Release|Any CPU
		{65D204CA-E748-4AF3-9012-E67DC79121BB}.Release|Any CPU.Build.0 = Release|Any CPU
		{F647B68B-BCD0-46EC-9FBB-82235E6F1B03}.Debug|Any CPU.ActiveCfg = Debug|Any CPU
		{F647B68B-BCD0-46EC-9FBB-82235E6F1B03}.Debug|Any CPU.Build.0 = Debug|Any CPU
		{F647B68B-BCD0-46EC-9FBB-82235E6F1B03}.Release|Any CPU.ActiveCfg = Release|Any CPU
		{F647B68B-BCD0-46EC-9FBB-82235E6F1B03}.Release|Any CPU.Build.0 = Release|Any CPU
	EndGlobalSection
	GlobalSection(SolutionProperties) = preSolution
		HideSolutionNode = FALSE
	EndGlobalSection
	GlobalSection(ExtensibilityGlobals) = postSolution
		SolutionGuid = {F644FB09-2813-48D1-AC1B-1295614199AA}
	EndGlobalSection
EndGlobal
